
Microsoft Visual Studio Solution File, Format Version 12.00
# Visual Studio Version 17
VisualStudioVersion = 17.0.31903.59
MinimumVisualStudioVersion = 10.0.40219.1
Project("{2150E333-8FDC-42A3-9474-1A3956D46DE8}") = "src", "src", "{827E0CD3-B72D-47B6-A68D-7590B98EB39B}"
EndProject
Project("{FAE04EC0-301F-11D3-BF4B-00C04F79EFBC}") = "Mystira.StoryGenerator.Api", "src\Mystira.StoryGenerator.Api\Mystira.StoryGenerator.Api.csproj", "{D059FC43-FFC1-426C-9C74-080174E21B8D}"
EndProject
Project("{FAE04EC0-301F-11D3-BF4B-00C04F79EFBC}") = "Mystira.StoryGenerator.Contracts", "src\Mystira.StoryGenerator.Contracts\Mystira.StoryGenerator.Contracts.csproj", "{3AF5C1AC-4834-4A45-ADEF-F6D8D9706C09}"
EndProject
Project("{FAE04EC0-301F-11D3-BF4B-00C04F79EFBC}") = "Mystira.StoryGenerator.Web", "src\Mystira.StoryGenerator.Web\Mystira.StoryGenerator.Web.csproj", "{3F3481AA-892D-49BC-B382-0B16549FC0B7}"
EndProject
Project("{FAE04EC0-301F-11D3-BF4B-00C04F79EFBC}") = "Mystira.StoryGenerator.Domain", "src\Mystira.StoryGenerator.Domain\Mystira.StoryGenerator.Domain.csproj", "{3B7B8F47-3E7E-4E1C-9E1B-3E3A9C7A1B2F}"
EndProject
Project("{2150E333-8FDC-42A3-9474-1A3956D46DE8}") = "tests", "tests", "{0AB3BF05-4346-4AA6-1389-037BE0695223}"
EndProject
Project("{FAE04EC0-301F-11D3-BF4B-00C04F79EFBC}") = "Mystira.StoryGenerator.Api.Tests", "tests\Mystira.StoryGenerator.Api.Tests\Mystira.StoryGenerator.Api.Tests.csproj", "{A263EE57-B3F6-4117-B5BB-DC10C36D546C}"
EndProject
Project("{FAE04EC0-301F-11D3-BF4B-00C04F79EFBC}") = "Mystira.StoryGenerator.Console", "src\Mystira.StoryGenerator.Console\Mystira.StoryGenerator.Console.csproj", "{EDA42A52-CAF9-4673-86E2-89911DDBEB62}"
EndProject
Project("{FAE04EC0-301F-11D3-BF4B-00C04F79EFBC}") = "Mystira.StoryGenerator.RagIndexer", "src\Mystira.StoryGenerator.RagIndexer\Mystira.StoryGenerator.RagIndexer.csproj", "{D281AB68-B4A9-4023-ABF2-D9AD001C3EB3}"
EndProject
Project("{FAE04EC0-301F-11D3-BF4B-00C04F79EFBC}") = "Mystira.StoryGenerator.Application", "src\Mystira.StoryGenerator.Application\Mystira.StoryGenerator.Application.csproj", "{BB173619-B1ED-41F2-A130-2AC1857831E8}"
EndProject
Project("{FAE04EC0-301F-11D3-BF4B-00C04F79EFBC}") = "Mystira.StoryGenerator.Llm", "src\Mystira.StoryGenerator.Llm\Mystira.StoryGenerator.Llm.csproj", "{CDA42CBD-0526-4BBC-A2DD-C01B9C24D520}"
EndProject
Project("{FAE04EC0-301F-11D3-BF4B-00C04F79EFBC}") = "Mystira.StoryGenerator.Domain.Tests", "tests\Mystira.StoryGenerator.Domain.Tests\Mystira.StoryGenerator.Domain.Tests.csproj", "{74370E51-ED1E-4CC8-8E06-DCF7D0A3181D}"
EndProject
Project("{FAE04EC0-301F-11D3-BF4B-00C04F79EFBC}") = "Mystira.StoryGenerator.Application.Tests", "tests\Mystira.StoryGenerator.Application.Tests\Mystira.StoryGenerator.Application.Tests\Mystira.StoryGenerator.Application.Tests.csproj", "{E8718093-C39D-48A3-B0B6-251287F546D9}"
EndProject
Project("{FAE04EC0-301F-11D3-BF4B-00C04F79EFBC}") = "Mystira.StoryGenerator.Llm.Tests", "tests\Mystira.StoryGenerator.Llm.Tests\Mystira.StoryGenerator.Llm.Tests.csproj", "{6F31FA19-C7D2-4671-AF65-210C41A64CD2}"
EndProject
Project("{FAE04EC0-301F-11D3-BF4B-00C04F79EFBC}") = "Mystira.StoryGenerator.Llm.Console", "src\Mystira.StoryGenerator.Llm.Console\Mystira.StoryGenerator.Llm.Console.csproj", "{1B363248-78D5-46F8-8F2E-1B1B175D868A}"
EndProject
Project("{FAE04EC0-301F-11D3-BF4B-00C04F79EFBC}") = "Mystira.StoryGenerator.GraphTheory", "src\Mystira.StoryGenerator.GraphTheory\Mystira.StoryGenerator.GraphTheory.csproj", "{5AA5D5C6-ED4D-4181-94BA-27D27A27B282}"
EndProject
Project("{FAE04EC0-301F-11D3-BF4B-00C04F79EFBC}") = "Mystira.StoryGenerator.GraphTheory.Tests", "tests\Mystira.StoryGenerator.GraphTheory.Tests\Mystira.StoryGenerator.GraphTheory.Tests.csproj", "{E5E1F2F1-9C3A-4AEE-B985-B7FC1CE2946D}"
EndProject
Global
	GlobalSection(SolutionConfigurationPlatforms) = preSolution
		Debug|Any CPU = Debug|Any CPU
		Debug|x64 = Debug|x64
		Debug|x86 = Debug|x86
		Release|Any CPU = Release|Any CPU
		Release|x64 = Release|x64
		Release|x86 = Release|x86
	EndGlobalSection
	GlobalSection(ProjectConfigurationPlatforms) = postSolution
		{D059FC43-FFC1-426C-9C74-080174E21B8D}.Debug|Any CPU.ActiveCfg = Debug|Any CPU
		{D059FC43-FFC1-426C-9C74-080174E21B8D}.Debug|Any CPU.Build.0 = Debug|Any CPU
		{D059FC43-FFC1-426C-9C74-080174E21B8D}.Debug|x64.ActiveCfg = Debug|Any CPU
		{D059FC43-FFC1-426C-9C74-080174E21B8D}.Debug|x64.Build.0 = Debug|Any CPU
		{D059FC43-FFC1-426C-9C74-080174E21B8D}.Debug|x86.ActiveCfg = Debug|Any CPU
		{D059FC43-FFC1-426C-9C74-080174E21B8D}.Debug|x86.Build.0 = Debug|Any CPU
		{D059FC43-FFC1-426C-9C74-080174E21B8D}.Release|Any CPU.ActiveCfg = Release|Any CPU
		{D059FC43-FFC1-426C-9C74-080174E21B8D}.Release|Any CPU.Build.0 = Release|Any CPU
		{D059FC43-FFC1-426C-9C74-080174E21B8D}.Release|x64.ActiveCfg = Release|Any CPU
		{D059FC43-FFC1-426C-9C74-080174E21B8D}.Release|x64.Build.0 = Release|Any CPU
		{D059FC43-FFC1-426C-9C74-080174E21B8D}.Release|x86.ActiveCfg = Release|Any CPU
		{D059FC43-FFC1-426C-9C74-080174E21B8D}.Release|x86.Build.0 = Release|Any CPU
		{3AF5C1AC-4834-4A45-ADEF-F6D8D9706C09}.Debug|Any CPU.ActiveCfg = Debug|Any CPU
		{3AF5C1AC-4834-4A45-ADEF-F6D8D9706C09}.Debug|Any CPU.Build.0 = Debug|Any CPU
		{3AF5C1AC-4834-4A45-ADEF-F6D8D9706C09}.Debug|x64.ActiveCfg = Debug|Any CPU
		{3AF5C1AC-4834-4A45-ADEF-F6D8D9706C09}.Debug|x64.Build.0 = Debug|Any CPU
		{3AF5C1AC-4834-4A45-ADEF-F6D8D9706C09}.Debug|x86.ActiveCfg = Debug|Any CPU
		{3AF5C1AC-4834-4A45-ADEF-F6D8D9706C09}.Debug|x86.Build.0 = Debug|Any CPU
		{3AF5C1AC-4834-4A45-ADEF-F6D8D9706C09}.Release|Any CPU.ActiveCfg = Release|Any CPU
		{3AF5C1AC-4834-4A45-ADEF-F6D8D9706C09}.Release|Any CPU.Build.0 = Release|Any CPU
		{3AF5C1AC-4834-4A45-ADEF-F6D8D9706C09}.Release|x64.ActiveCfg = Release|Any CPU
		{3AF5C1AC-4834-4A45-ADEF-F6D8D9706C09}.Release|x64.Build.0 = Release|Any CPU
		{3AF5C1AC-4834-4A45-ADEF-F6D8D9706C09}.Release|x86.ActiveCfg = Release|Any CPU
		{3AF5C1AC-4834-4A45-ADEF-F6D8D9706C09}.Release|x86.Build.0 = Release|Any CPU
		{3F3481AA-892D-49BC-B382-0B16549FC0B7}.Debug|Any CPU.ActiveCfg = Debug|Any CPU
		{3F3481AA-892D-49BC-B382-0B16549FC0B7}.Debug|Any CPU.Build.0 = Debug|Any CPU
		{3F3481AA-892D-49BC-B382-0B16549FC0B7}.Debug|x64.ActiveCfg = Debug|Any CPU
		{3F3481AA-892D-49BC-B382-0B16549FC0B7}.Debug|x64.Build.0 = Debug|Any CPU
		{3F3481AA-892D-49BC-B382-0B16549FC0B7}.Debug|x86.ActiveCfg = Debug|Any CPU
		{3F3481AA-892D-49BC-B382-0B16549FC0B7}.Debug|x86.Build.0 = Debug|Any CPU
		{3F3481AA-892D-49BC-B382-0B16549FC0B7}.Release|Any CPU.ActiveCfg = Release|Any CPU
		{3F3481AA-892D-49BC-B382-0B16549FC0B7}.Release|Any CPU.Build.0 = Release|Any CPU
		{3F3481AA-892D-49BC-B382-0B16549FC0B7}.Release|x64.ActiveCfg = Release|Any CPU
		{3F3481AA-892D-49BC-B382-0B16549FC0B7}.Release|x64.Build.0 = Release|Any CPU
		{3F3481AA-892D-49BC-B382-0B16549FC0B7}.Release|x86.ActiveCfg = Release|Any CPU
		{3F3481AA-892D-49BC-B382-0B16549FC0B7}.Release|x86.Build.0 = Release|Any CPU
		{3B7B8F47-3E7E-4E1C-9E1B-3E3A9C7A1B2F}.Debug|Any CPU.ActiveCfg = Debug|Any CPU
		{3B7B8F47-3E7E-4E1C-9E1B-3E3A9C7A1B2F}.Debug|Any CPU.Build.0 = Debug|Any CPU
		{3B7B8F47-3E7E-4E1C-9E1B-3E3A9C7A1B2F}.Debug|x64.ActiveCfg = Debug|Any CPU
		{3B7B8F47-3E7E-4E1C-9E1B-3E3A9C7A1B2F}.Debug|x64.Build.0 = Debug|Any CPU
		{3B7B8F47-3E7E-4E1C-9E1B-3E3A9C7A1B2F}.Debug|x86.ActiveCfg = Debug|Any CPU
		{3B7B8F47-3E7E-4E1C-9E1B-3E3A9C7A1B2F}.Debug|x86.Build.0 = Debug|Any CPU
		{3B7B8F47-3E7E-4E1C-9E1B-3E3A9C7A1B2F}.Release|Any CPU.ActiveCfg = Release|Any CPU
		{3B7B8F47-3E7E-4E1C-9E1B-3E3A9C7A1B2F}.Release|Any CPU.Build.0 = Release|Any CPU
		{3B7B8F47-3E7E-4E1C-9E1B-3E3A9C7A1B2F}.Release|x64.ActiveCfg = Release|Any CPU
		{3B7B8F47-3E7E-4E1C-9E1B-3E3A9C7A1B2F}.Release|x64.Build.0 = Release|Any CPU
		{3B7B8F47-3E7E-4E1C-9E1B-3E3A9C7A1B2F}.Release|x86.ActiveCfg = Release|Any CPU
		{3B7B8F47-3E7E-4E1C-9E1B-3E3A9C7A1B2F}.Release|x86.Build.0 = Release|Any CPU
		{A263EE57-B3F6-4117-B5BB-DC10C36D546C}.Debug|Any CPU.ActiveCfg = Debug|Any CPU
		{A263EE57-B3F6-4117-B5BB-DC10C36D546C}.Debug|Any CPU.Build.0 = Debug|Any CPU
		{A263EE57-B3F6-4117-B5BB-DC10C36D546C}.Debug|x64.ActiveCfg = Debug|Any CPU
		{A263EE57-B3F6-4117-B5BB-DC10C36D546C}.Debug|x64.Build.0 = Debug|Any CPU
		{A263EE57-B3F6-4117-B5BB-DC10C36D546C}.Debug|x86.ActiveCfg = Debug|Any CPU
		{A263EE57-B3F6-4117-B5BB-DC10C36D546C}.Debug|x86.Build.0 = Debug|Any CPU
		{A263EE57-B3F6-4117-B5BB-DC10C36D546C}.Release|Any CPU.ActiveCfg = Release|Any CPU
		{A263EE57-B3F6-4117-B5BB-DC10C36D546C}.Release|Any CPU.Build.0 = Release|Any CPU
		{A263EE57-B3F6-4117-B5BB-DC10C36D546C}.Release|x64.ActiveCfg = Release|Any CPU
		{A263EE57-B3F6-4117-B5BB-DC10C36D546C}.Release|x64.Build.0 = Release|Any CPU
		{A263EE57-B3F6-4117-B5BB-DC10C36D546C}.Release|x86.ActiveCfg = Release|Any CPU
		{A263EE57-B3F6-4117-B5BB-DC10C36D546C}.Release|x86.Build.0 = Release|Any CPU
		{EDA42A52-CAF9-4673-86E2-89911DDBEB62}.Debug|Any CPU.ActiveCfg = Debug|Any CPU
		{EDA42A52-CAF9-4673-86E2-89911DDBEB62}.Debug|Any CPU.Build.0 = Debug|Any CPU
		{EDA42A52-CAF9-4673-86E2-89911DDBEB62}.Debug|x64.ActiveCfg = Debug|Any CPU
		{EDA42A52-CAF9-4673-86E2-89911DDBEB62}.Debug|x64.Build.0 = Debug|Any CPU
		{EDA42A52-CAF9-4673-86E2-89911DDBEB62}.Debug|x86.ActiveCfg = Debug|Any CPU
		{EDA42A52-CAF9-4673-86E2-89911DDBEB62}.Debug|x86.Build.0 = Debug|Any CPU
		{EDA42A52-CAF9-4673-86E2-89911DDBEB62}.Release|Any CPU.ActiveCfg = Release|Any CPU
		{EDA42A52-CAF9-4673-86E2-89911DDBEB62}.Release|Any CPU.Build.0 = Release|Any CPU
		{EDA42A52-CAF9-4673-86E2-89911DDBEB62}.Release|x64.ActiveCfg = Release|Any CPU
		{EDA42A52-CAF9-4673-86E2-89911DDBEB62}.Release|x64.Build.0 = Release|Any CPU
		{EDA42A52-CAF9-4673-86E2-89911DDBEB62}.Release|x86.ActiveCfg = Release|Any CPU
		{EDA42A52-CAF9-4673-86E2-89911DDBEB62}.Release|x86.Build.0 = Release|Any CPU
		{D281AB68-B4A9-4023-ABF2-D9AD001C3EB3}.Debug|Any CPU.ActiveCfg = Debug|Any CPU
		{D281AB68-B4A9-4023-ABF2-D9AD001C3EB3}.Debug|Any CPU.Build.0 = Debug|Any CPU
		{D281AB68-B4A9-4023-ABF2-D9AD001C3EB3}.Debug|x64.ActiveCfg = Debug|Any CPU
		{D281AB68-B4A9-4023-ABF2-D9AD001C3EB3}.Debug|x64.Build.0 = Debug|Any CPU
		{D281AB68-B4A9-4023-ABF2-D9AD001C3EB3}.Debug|x86.ActiveCfg = Debug|Any CPU
		{D281AB68-B4A9-4023-ABF2-D9AD001C3EB3}.Debug|x86.Build.0 = Debug|Any CPU
		{D281AB68-B4A9-4023-ABF2-D9AD001C3EB3}.Release|Any CPU.ActiveCfg = Release|Any CPU
		{D281AB68-B4A9-4023-ABF2-D9AD001C3EB3}.Release|Any CPU.Build.0 = Release|Any CPU
		{D281AB68-B4A9-4023-ABF2-D9AD001C3EB3}.Release|x64.ActiveCfg = Release|Any CPU
		{D281AB68-B4A9-4023-ABF2-D9AD001C3EB3}.Release|x64.Build.0 = Release|Any CPU
		{D281AB68-B4A9-4023-ABF2-D9AD001C3EB3}.Release|x86.ActiveCfg = Release|Any CPU
		{D281AB68-B4A9-4023-ABF2-D9AD001C3EB3}.Release|x86.Build.0 = Release|Any CPU
		{BB173619-B1ED-41F2-A130-2AC1857831E8}.Debug|Any CPU.ActiveCfg = Debug|Any CPU
		{BB173619-B1ED-41F2-A130-2AC1857831E8}.Debug|Any CPU.Build.0 = Debug|Any CPU
		{BB173619-B1ED-41F2-A130-2AC1857831E8}.Debug|x64.ActiveCfg = Debug|Any CPU
		{BB173619-B1ED-41F2-A130-2AC1857831E8}.Debug|x64.Build.0 = Debug|Any CPU
		{BB173619-B1ED-41F2-A130-2AC1857831E8}.Debug|x86.ActiveCfg = Debug|Any CPU
		{BB173619-B1ED-41F2-A130-2AC1857831E8}.Debug|x86.Build.0 = Debug|Any CPU
		{BB173619-B1ED-41F2-A130-2AC1857831E8}.Release|Any CPU.ActiveCfg = Release|Any CPU
		{BB173619-B1ED-41F2-A130-2AC1857831E8}.Release|Any CPU.Build.0 = Release|Any CPU
		{BB173619-B1ED-41F2-A130-2AC1857831E8}.Release|x64.ActiveCfg = Release|Any CPU
		{BB173619-B1ED-41F2-A130-2AC1857831E8}.Release|x64.Build.0 = Release|Any CPU
		{BB173619-B1ED-41F2-A130-2AC1857831E8}.Release|x86.ActiveCfg = Release|Any CPU
		{BB173619-B1ED-41F2-A130-2AC1857831E8}.Release|x86.Build.0 = Release|Any CPU
		{CDA42CBD-0526-4BBC-A2DD-C01B9C24D520}.Debug|Any CPU.ActiveCfg = Debug|Any CPU
		{CDA42CBD-0526-4BBC-A2DD-C01B9C24D520}.Debug|Any CPU.Build.0 = Debug|Any CPU
		{CDA42CBD-0526-4BBC-A2DD-C01B9C24D520}.Debug|x64.ActiveCfg = Debug|Any CPU
		{CDA42CBD-0526-4BBC-A2DD-C01B9C24D520}.Debug|x64.Build.0 = Debug|Any CPU
		{CDA42CBD-0526-4BBC-A2DD-C01B9C24D520}.Debug|x86.ActiveCfg = Debug|Any CPU
		{CDA42CBD-0526-4BBC-A2DD-C01B9C24D520}.Debug|x86.Build.0 = Debug|Any CPU
		{CDA42CBD-0526-4BBC-A2DD-C01B9C24D520}.Release|Any CPU.ActiveCfg = Release|Any CPU
		{CDA42CBD-0526-4BBC-A2DD-C01B9C24D520}.Release|Any CPU.Build.0 = Release|Any CPU
		{CDA42CBD-0526-4BBC-A2DD-C01B9C24D520}.Release|x64.ActiveCfg = Release|Any CPU
		{CDA42CBD-0526-4BBC-A2DD-C01B9C24D520}.Release|x64.Build.0 = Release|Any CPU
		{CDA42CBD-0526-4BBC-A2DD-C01B9C24D520}.Release|x86.ActiveCfg = Release|Any CPU
		{CDA42CBD-0526-4BBC-A2DD-C01B9C24D520}.Release|x86.Build.0 = Release|Any CPU
		{74370E51-ED1E-4CC8-8E06-DCF7D0A3181D}.Debug|Any CPU.ActiveCfg = Debug|Any CPU
		{74370E51-ED1E-4CC8-8E06-DCF7D0A3181D}.Debug|Any CPU.Build.0 = Debug|Any CPU
		{74370E51-ED1E-4CC8-8E06-DCF7D0A3181D}.Debug|x64.ActiveCfg = Debug|Any CPU
		{74370E51-ED1E-4CC8-8E06-DCF7D0A3181D}.Debug|x64.Build.0 = Debug|Any CPU
		{74370E51-ED1E-4CC8-8E06-DCF7D0A3181D}.Debug|x86.ActiveCfg = Debug|Any CPU
		{74370E51-ED1E-4CC8-8E06-DCF7D0A3181D}.Debug|x86.Build.0 = Debug|Any CPU
		{74370E51-ED1E-4CC8-8E06-DCF7D0A3181D}.Release|Any CPU.ActiveCfg = Release|Any CPU
		{74370E51-ED1E-4CC8-8E06-DCF7D0A3181D}.Release|Any CPU.Build.0 = Release|Any CPU
		{74370E51-ED1E-4CC8-8E06-DCF7D0A3181D}.Release|x64.ActiveCfg = Release|Any CPU
		{74370E51-ED1E-4CC8-8E06-DCF7D0A3181D}.Release|x64.Build.0 = Release|Any CPU
		{74370E51-ED1E-4CC8-8E06-DCF7D0A3181D}.Release|x86.ActiveCfg = Release|Any CPU
		{74370E51-ED1E-4CC8-8E06-DCF7D0A3181D}.Release|x86.Build.0 = Release|Any CPU
		{E8718093-C39D-48A3-B0B6-251287F546D9}.Debug|Any CPU.ActiveCfg = Debug|Any CPU
		{E8718093-C39D-48A3-B0B6-251287F546D9}.Debug|Any CPU.Build.0 = Debug|Any CPU
		{E8718093-C39D-48A3-B0B6-251287F546D9}.Debug|x64.ActiveCfg = Debug|Any CPU
		{E8718093-C39D-48A3-B0B6-251287F546D9}.Debug|x64.Build.0 = Debug|Any CPU
		{E8718093-C39D-48A3-B0B6-251287F546D9}.Debug|x86.ActiveCfg = Debug|Any CPU
		{E8718093-C39D-48A3-B0B6-251287F546D9}.Debug|x86.Build.0 = Debug|Any CPU
		{E8718093-C39D-48A3-B0B6-251287F546D9}.Release|Any CPU.ActiveCfg = Release|Any CPU
		{E8718093-C39D-48A3-B0B6-251287F546D9}.Release|Any CPU.Build.0 = Release|Any CPU
		{E8718093-C39D-48A3-B0B6-251287F546D9}.Release|x64.ActiveCfg = Release|Any CPU
		{E8718093-C39D-48A3-B0B6-251287F546D9}.Release|x64.Build.0 = Release|Any CPU
		{E8718093-C39D-48A3-B0B6-251287F546D9}.Release|x86.ActiveCfg = Release|Any CPU
		{E8718093-C39D-48A3-B0B6-251287F546D9}.Release|x86.Build.0 = Release|Any CPU
		{6F31FA19-C7D2-4671-AF65-210C41A64CD2}.Debug|Any CPU.ActiveCfg = Debug|Any CPU
		{6F31FA19-C7D2-4671-AF65-210C41A64CD2}.Debug|Any CPU.Build.0 = Debug|Any CPU
		{6F31FA19-C7D2-4671-AF65-210C41A64CD2}.Debug|x64.ActiveCfg = Debug|Any CPU
		{6F31FA19-C7D2-4671-AF65-210C41A64CD2}.Debug|x64.Build.0 = Debug|Any CPU
		{6F31FA19-C7D2-4671-AF65-210C41A64CD2}.Debug|x86.ActiveCfg = Debug|Any CPU
		{6F31FA19-C7D2-4671-AF65-210C41A64CD2}.Debug|x86.Build.0 = Debug|Any CPU
		{6F31FA19-C7D2-4671-AF65-210C41A64CD2}.Release|Any CPU.ActiveCfg = Release|Any CPU
		{6F31FA19-C7D2-4671-AF65-210C41A64CD2}.Release|Any CPU.Build.0 = Release|Any CPU
		{6F31FA19-C7D2-4671-AF65-210C41A64CD2}.Release|x64.ActiveCfg = Release|Any CPU
		{6F31FA19-C7D2-4671-AF65-210C41A64CD2}.Release|x64.Build.0 = Release|Any CPU
		{6F31FA19-C7D2-4671-AF65-210C41A64CD2}.Release|x86.ActiveCfg = Release|Any CPU
		{6F31FA19-C7D2-4671-AF65-210C41A64CD2}.Release|x86.Build.0 = Release|Any CPU
		{1B363248-78D5-46F8-8F2E-1B1B175D868A}.Debug|Any CPU.ActiveCfg = Debug|Any CPU
		{1B363248-78D5-46F8-8F2E-1B1B175D868A}.Debug|Any CPU.Build.0 = Debug|Any CPU
		{1B363248-78D5-46F8-8F2E-1B1B175D868A}.Debug|x64.ActiveCfg = Debug|Any CPU
		{1B363248-78D5-46F8-8F2E-1B1B175D868A}.Debug|x64.Build.0 = Debug|Any CPU
		{1B363248-78D5-46F8-8F2E-1B1B175D868A}.Debug|x86.ActiveCfg = Debug|Any CPU
		{1B363248-78D5-46F8-8F2E-1B1B175D868A}.Debug|x86.Build.0 = Debug|Any CPU
		{1B363248-78D5-46F8-8F2E-1B1B175D868A}.Release|Any CPU.ActiveCfg = Release|Any CPU
		{1B363248-78D5-46F8-8F2E-1B1B175D868A}.Release|Any CPU.Build.0 = Release|Any CPU
		{1B363248-78D5-46F8-8F2E-1B1B175D868A}.Release|x64.ActiveCfg = Release|Any CPU
		{1B363248-78D5-46F8-8F2E-1B1B175D868A}.Release|x64.Build.0 = Release|Any CPU
		{1B363248-78D5-46F8-8F2E-1B1B175D868A}.Release|x86.ActiveCfg = Release|Any CPU
		{1B363248-78D5-46F8-8F2E-1B1B175D868A}.Release|x86.Build.0 = Release|Any CPU
		{5AA5D5C6-ED4D-4181-94BA-27D27A27B282}.Debug|Any CPU.ActiveCfg = Debug|Any CPU
		{5AA5D5C6-ED4D-4181-94BA-27D27A27B282}.Debug|Any CPU.Build.0 = Debug|Any CPU
		{5AA5D5C6-ED4D-4181-94BA-27D27A27B282}.Debug|x64.ActiveCfg = Debug|Any CPU
		{5AA5D5C6-ED4D-4181-94BA-27D27A27B282}.Debug|x64.Build.0 = Debug|Any CPU
		{5AA5D5C6-ED4D-4181-94BA-27D27A27B282}.Debug|x86.ActiveCfg = Debug|Any CPU
		{5AA5D5C6-ED4D-4181-94BA-27D27A27B282}.Debug|x86.Build.0 = Debug|Any CPU
		{5AA5D5C6-ED4D-4181-94BA-27D27A27B282}.Release|Any CPU.ActiveCfg = Release|Any CPU
		{5AA5D5C6-ED4D-4181-94BA-27D27A27B282}.Release|Any CPU.Build.0 = Release|Any CPU
		{5AA5D5C6-ED4D-4181-94BA-27D27A27B282}.Release|x64.ActiveCfg = Release|Any CPU
		{5AA5D5C6-ED4D-4181-94BA-27D27A27B282}.Release|x64.Build.0 = Release|Any CPU
		{5AA5D5C6-ED4D-4181-94BA-27D27A27B282}.Release|x86.ActiveCfg = Release|Any CPU
		{5AA5D5C6-ED4D-4181-94BA-27D27A27B282}.Release|x86.Build.0 = Release|Any CPU
		{E5E1F2F1-9C3A-4AEE-B985-B7FC1CE2946D}.Debug|Any CPU.ActiveCfg = Debug|Any CPU
		{E5E1F2F1-9C3A-4AEE-B985-B7FC1CE2946D}.Debug|Any CPU.Build.0 = Debug|Any CPU
		{E5E1F2F1-9C3A-4AEE-B985-B7FC1CE2946D}.Debug|x64.ActiveCfg = Debug|Any CPU
		{E5E1F2F1-9C3A-4AEE-B985-B7FC1CE2946D}.Debug|x64.Build.0 = Debug|Any CPU
		{E5E1F2F1-9C3A-4AEE-B985-B7FC1CE2946D}.Debug|x86.ActiveCfg = Debug|Any CPU
		{E5E1F2F1-9C3A-4AEE-B985-B7FC1CE2946D}.Debug|x86.Build.0 = Debug|Any CPU
		{E5E1F2F1-9C3A-4AEE-B985-B7FC1CE2946D}.Release|Any CPU.ActiveCfg = Release|Any CPU
		{E5E1F2F1-9C3A-4AEE-B985-B7FC1CE2946D}.Release|Any CPU.Build.0 = Release|Any CPU
		{E5E1F2F1-9C3A-4AEE-B985-B7FC1CE2946D}.Release|x64.ActiveCfg = Release|Any CPU
		{E5E1F2F1-9C3A-4AEE-B985-B7FC1CE2946D}.Release|x64.Build.0 = Release|Any CPU
		{E5E1F2F1-9C3A-4AEE-B985-B7FC1CE2946D}.Release|x86.ActiveCfg = Release|Any CPU
		{E5E1F2F1-9C3A-4AEE-B985-B7FC1CE2946D}.Release|x86.Build.0 = Release|Any CPU
	EndGlobalSection
	GlobalSection(SolutionProperties) = preSolution
		HideSolutionNode = FALSE
	EndGlobalSection
	GlobalSection(NestedProjects) = preSolution
		{D059FC43-FFC1-426C-9C74-080174E21B8D} = {827E0CD3-B72D-47B6-A68D-7590B98EB39B}
		{3AF5C1AC-4834-4A45-ADEF-F6D8D9706C09} = {827E0CD3-B72D-47B6-A68D-7590B98EB39B}
		{3F3481AA-892D-49BC-B382-0B16549FC0B7} = {827E0CD3-B72D-47B6-A68D-7590B98EB39B}
		{3B7B8F47-3E7E-4E1C-9E1B-3E3A9C7A1B2F} = {827E0CD3-B72D-47B6-A68D-7590B98EB39B}
		{A263EE57-B3F6-4117-B5BB-DC10C36D546C} = {0AB3BF05-4346-4AA6-1389-037BE0695223}
		{D281AB68-B4A9-4023-ABF2-D9AD001C3EB3} = {827E0CD3-B72D-47B6-A68D-7590B98EB39B}
		{BB173619-B1ED-41F2-A130-2AC1857831E8} = {827E0CD3-B72D-47B6-A68D-7590B98EB39B}
		{EDA42A52-CAF9-4673-86E2-89911DDBEB62} = {827E0CD3-B72D-47B6-A68D-7590B98EB39B}
		{CDA42CBD-0526-4BBC-A2DD-C01B9C24D520} = {827E0CD3-B72D-47B6-A68D-7590B98EB39B}
		{74370E51-ED1E-4CC8-8E06-DCF7D0A3181D} = {0AB3BF05-4346-4AA6-1389-037BE0695223}
		{E8718093-C39D-48A3-B0B6-251287F546D9} = {0AB3BF05-4346-4AA6-1389-037BE0695223}
		{6F31FA19-C7D2-4671-AF65-210C41A64CD2} = {0AB3BF05-4346-4AA6-1389-037BE0695223}
		{1B363248-78D5-46F8-8F2E-1B1B175D868A} = {827E0CD3-B72D-47B6-A68D-7590B98EB39B}
		{5AA5D5C6-ED4D-4181-94BA-27D27A27B282} = {827E0CD3-B72D-47B6-A68D-7590B98EB39B}
		{E5E1F2F1-9C3A-4AEE-B985-B7FC1CE2946D} = {0AB3BF05-4346-4AA6-1389-037BE0695223}
	EndGlobalSection
EndGlobal
