Microsoft Visual Studio Solution File, Format Version 12.00
# Visual Studio Version 17
VisualStudioVersion = 17.0.31903.59
MinimumVisualStudioVersion = 10.0.40219.1
Project("{2150E333-8FDC-42A3-9474-1A3956D46DE8}") = "src", "src", "{636A8ADA-1901-4A23-88BB-A86586F1F765}"
EndProject
Project("{2150E333-8FDC-42A3-9474-1A3956D46DE8}") = "tests", "tests", "{07610817-4AC8-456C-AAE7-764888044CCD}"
EndProject
Project("{FAE04EC0-301F-11D3-BF4B-00C04F79EFBC}") = "Mystira.App.PWA", "src\Mystira.App.PWA\Mystira.App.PWA.csproj", "{998C75B4-2658-4C64-A7E3-9A6CCA82796A}"
EndProject
Project("{FAE04EC0-301F-11D3-BF4B-00C04F79EFBC}") = "Mystira.App.PWA.Tests", "tests\Mystira.App.PWA.Tests\Mystira.App.PWA.Tests.csproj", "{D39AC7B0-46D0-4ADE-981A-C92FB48A8B56}"
EndProject
Project("{FAE04EC0-301F-11D3-BF4B-00C04F79EFBC}") = "Mystira.App.Infrastructure.Azure", "src\Mystira.App.Infrastructure.Azure\Mystira.App.Infrastructure.Azure.csproj", "{1F971ECA-0287-49CA-BD08-2059D0C8121B}"
EndProject
Project("{FAE04EC0-301F-11D3-BF4B-00C04F79EFBC}") = "Mystira.App.Infrastructure.Data", "src\Mystira.App.Infrastructure.Data\Mystira.App.Infrastructure.Data.csproj", "{B36B82E4-8D71-42F0-997F-8E4976655622}"
EndProject
Global
	GlobalSection(SolutionConfigurationPlatforms) = preSolution
		Debug|Any CPU = Debug|Any CPU
		Debug|x64 = Debug|x64
		Debug|x86 = Debug|x86
		Release|Any CPU = Release|Any CPU
		Release|x64 = Release|x64
		Release|x86 = Release|x86
	EndGlobalSection
	GlobalSection(SolutionProperties) = preSolution
		HideSolutionNode = FALSE
	EndGlobalSection
	GlobalSection(ProjectConfigurationPlatforms) = postSolution
		{998C75B4-2658-4C64-A7E3-9A6CCA82796A}.Debug|Any CPU.ActiveCfg = Debug|Any CPU
		{998C75B4-2658-4C64-A7E3-9A6CCA82796A}.Debug|Any CPU.Build.0 = Debug|Any CPU
		{998C75B4-2658-4C64-A7E3-9A6CCA82796A}.Debug|x64.ActiveCfg = Debug|Any CPU
		{998C75B4-2658-4C64-A7E3-9A6CCA82796A}.Debug|x64.Build.0 = Debug|Any CPU
		{998C75B4-2658-4C64-A7E3-9A6CCA82796A}.Debug|x86.ActiveCfg = Debug|Any CPU
		{998C75B4-2658-4C64-A7E3-9A6CCA82796A}.Debug|x86.Build.0 = Debug|Any CPU
		{998C75B4-2658-4C64-A7E3-9A6CCA82796A}.Release|Any CPU.ActiveCfg = Release|Any CPU
		{998C75B4-2658-4C64-A7E3-9A6CCA82796A}.Release|Any CPU.Build.0 = Release|Any CPU
		{998C75B4-2658-4C64-A7E3-9A6CCA82796A}.Release|x64.ActiveCfg = Release|Any CPU
		{998C75B4-2658-4C64-A7E3-9A6CCA82796A}.Release|x64.Build.0 = Release|Any CPU
		{998C75B4-2658-4C64-A7E3-9A6CCA82796A}.Release|x86.ActiveCfg = Release|Any CPU
		{998C75B4-2658-4C64-A7E3-9A6CCA82796A}.Release|x86.Build.0 = Release|Any CPU
		{D39AC7B0-46D0-4ADE-981A-C92FB48A8B56}.Debug|Any CPU.ActiveCfg = Debug|Any CPU
		{D39AC7B0-46D0-4ADE-981A-C92FB48A8B56}.Debug|Any CPU.Build.0 = Debug|Any CPU
		{D39AC7B0-46D0-4ADE-981A-C92FB48A8B56}.Debug|x64.ActiveCfg = Debug|Any CPU
		{D39AC7B0-46D0-4ADE-981A-C92FB48A8B56}.Debug|x64.Build.0 = Debug|Any CPU
		{D39AC7B0-46D0-4ADE-981A-C92FB48A8B56}.Debug|x86.ActiveCfg = Debug|Any CPU
		{D39AC7B0-46D0-4ADE-981A-C92FB48A8B56}.Debug|x86.Build.0 = Debug|Any CPU
		{D39AC7B0-46D0-4ADE-981A-C92FB48A8B56}.Release|Any CPU.ActiveCfg = Release|Any CPU
		{D39AC7B0-46D0-4ADE-981A-C92FB48A8B56}.Release|Any CPU.Build.0 = Release|Any CPU
		{D39AC7B0-46D0-4ADE-981A-C92FB48A8B56}.Release|x64.ActiveCfg = Release|Any CPU
		{D39AC7B0-46D0-4ADE-981A-C92FB48A8B56}.Release|x64.Build.0 = Release|Any CPU
		{D39AC7B0-46D0-4ADE-981A-C92FB48A8B56}.Release|x86.ActiveCfg = Release|Any CPU
		{D39AC7B0-46D0-4ADE-981A-C92FB48A8B56}.Release|x86.Build.0 = Release|Any CPU
		{1F971ECA-0287-49CA-BD08-2059D0C8121B}.Debug|Any CPU.ActiveCfg = Debug|Any CPU
		{1F971ECA-0287-49CA-BD08-2059D0C8121B}.Debug|Any CPU.Build.0 = Debug|Any CPU
		{1F971ECA-0287-49CA-BD08-2059D0C8121B}.Debug|x64.ActiveCfg = Debug|Any CPU
		{1F971ECA-0287-49CA-BD08-2059D0C8121B}.Debug|x64.Build.0 = Debug|Any CPU
		{1F971ECA-0287-49CA-BD08-2059D0C8121B}.Debug|x86.ActiveCfg = Debug|Any CPU
		{1F971ECA-0287-49CA-BD08-2059D0C8121B}.Debug|x86.Build.0 = Debug|Any CPU
		{1F971ECA-0287-49CA-BD08-2059D0C8121B}.Release|Any CPU.ActiveCfg = Release|Any CPU
		{1F971ECA-0287-49CA-BD08-2059D0C8121B}.Release|Any CPU.Build.0 = Release|Any CPU
		{1F971ECA-0287-49CA-BD08-2059D0C8121B}.Release|x64.ActiveCfg = Release|Any CPU
		{1F971ECA-0287-49CA-BD08-2059D0C8121B}.Release|x64.Build.0 = Release|Any CPU
		{1F971ECA-0287-49CA-BD08-2059D0C8121B}.Release|x86.ActiveCfg = Release|Any CPU
		{1F971ECA-0287-49CA-BD08-2059D0C8121B}.Release|x86.Build.0 = Release|Any CPU
		{B36B82E4-8D71-42F0-997F-8E4976655622}.Debug|Any CPU.ActiveCfg = Debug|Any CPU
		{B36B82E4-8D71-42F0-997F-8E4976655622}.Debug|Any CPU.Build.0 = Debug|Any CPU
		{B36B82E4-8D71-42F0-997F-8E4976655622}.Debug|x64.ActiveCfg = Debug|Any CPU
		{B36B82E4-8D71-42F0-997F-8E4976655622}.Debug|x64.Build.0 = Debug|Any CPU
		{B36B82E4-8D71-42F0-997F-8E4976655622}.Debug|x86.ActiveCfg = Debug|Any CPU
		{B36B82E4-8D71-42F0-997F-8E4976655622}.Debug|x86.Build.0 = Debug|Any CPU
		{B36B82E4-8D71-42F0-997F-8E4976655622}.Release|Any CPU.ActiveCfg = Release|Any CPU
		{B36B82E4-8D71-42F0-997F-8E4976655622}.Release|Any CPU.Build.0 = Release|Any CPU
		{B36B82E4-8D71-42F0-997F-8E4976655622}.Release|x64.ActiveCfg = Release|Any CPU
		{B36B82E4-8D71-42F0-997F-8E4976655622}.Release|x64.Build.0 = Release|Any CPU
		{B36B82E4-8D71-42F0-997F-8E4976655622}.Release|x86.ActiveCfg = Release|Any CPU
		{B36B82E4-8D71-42F0-997F-8E4976655622}.Release|x86.Build.0 = Release|Any CPU
	EndGlobalSection
	GlobalSection(NestedProjects) = preSolution
		{998C75B4-2658-4C64-A7E3-9A6CCA82796A} = {636A8ADA-1901-4A23-88BB-A86586F1F765}
		{D39AC7B0-46D0-4ADE-981A-C92FB48A8B56} = {07610817-4AC8-456C-AAE7-764888044CCD}
		{1F971ECA-0287-49CA-BD08-2059D0C8121B} = {636A8ADA-1901-4A23-88BB-A86586F1F765}
		{B36B82E4-8D71-42F0-997F-8E4976655622} = {636A8ADA-1901-4A23-88BB-A86586F1F765}
	EndGlobalSection
EndGlobal
