
Microsoft Visual Studio Solution File, Format Version 12.00
Project("{2150E333-8FDC-42A3-9474-1A3956D46DE8}") = "src", "src", "{636A8ADA-1901-4A23-88BB-A86586F1F765}"
EndProject
Project("{2150E333-8FDC-42A3-9474-1A3956D46DE8}") = "tests", "tests", "{07610817-4AC8-456C-AAE7-764888044CCD}"
EndProject
Project("{FAE04EC0-301F-11D3-BF4B-00C04F79EFBC}") = "Mystira.App.Domain", "src\Mystira.App.Domain\Mystira.App.Domain.csproj", "{2C5D697D-B826-402C-86E8-49DB0B35BFD3}"
EndProject
Project("{FAE04EC0-301F-11D3-BF4B-00C04F79EFBC}") = "Mystira.App.Infrastructure.Azure", "src\Mystira.App.Infrastructure.Azure\Mystira.App.Infrastructure.Azure.csproj", "{1F971ECA-0287-49CA-BD08-2059D0C8121B}"
EndProject
Project("{FAE04EC0-301F-11D3-BF4B-00C04F79EFBC}") = "Mystira.App.Api", "src\Mystira.App.Api\Mystira.App.Api.csproj", "{C9E28354-D031-4F64-9C11-C4E23FC6852E}"
EndProject
Project("{FAE04EC0-301F-11D3-BF4B-00C04F79EFBC}") = "Mystira.App.PWA", "src\Mystira.App.PWA\Mystira.App.PWA.csproj", "{998C75B4-2658-4C64-A7E3-9A6CCA82796A}"
EndProject
Project("{FAE04EC0-301F-11D3-BF4B-00C04F79EFBC}") = "Mystira.App.Api.Tests", "tests\Mystira.App.Api.Tests\Mystira.App.Api.Tests.csproj", "{9FC27625-C26C-4A1D-B726-2317862ADB48}"
EndProject
Project("{FAE04EC0-301F-11D3-BF4B-00C04F79EFBC}") = "Mystira.App.Application", "src\Mystira.App.Application\Mystira.App.Application.csproj", "{85A464D1-825F-4F44-BBEB-5043E24E55F3}"
EndProject
Project("{FAE04EC0-301F-11D3-BF4B-00C04F79EFBC}") = "Mystira.App.Infrastructure.Data", "src\Mystira.App.Infrastructure.Data\Mystira.App.Infrastructure.Data.csproj", "{B36B82E4-8D71-42F0-997F-8E4976655622}"
EndProject
Project("{FAE04EC0-301F-11D3-BF4B-00C04F79EFBC}") = "Mystira.App.Infrastructure.Discord", "src\Mystira.App.Infrastructure.Discord\Mystira.App.Infrastructure.Discord.csproj", "{87BE6F3D-3BD1-4BE5-ACB7-59257BA9F5D8}"
EndProject
Project("{FAE04EC0-301F-11D3-BF4B-00C04F79EFBC}") = "Mystira.App.Infrastructure.Discord.Tests", "tests\Mystira.App.Infrastructure.Discord.Tests\Mystira.App.Infrastructure.Discord.Tests.csproj", "{8B73C65E-F2D4-40CE-88B5-8363EDA6364D}"
EndProject
Project("{FAE04EC0-301F-11D3-BF4B-00C04F79EFBC}") = "Mystira.App.Infrastructure.Teams", "src\Mystira.App.Infrastructure.Teams\Mystira.App.Infrastructure.Teams.csproj", "{4A8E3C1D-5B2F-4E6A-9C7D-8E9F0A1B2C3D}"
EndProject
Project("{FAE04EC0-301F-11D3-BF4B-00C04F79EFBC}") = "Mystira.App.Infrastructure.WhatsApp", "src\Mystira.App.Infrastructure.WhatsApp\Mystira.App.Infrastructure.WhatsApp.csproj", "{5B9F4D2E-6C3A-4F7B-AD8E-9F0A1B2C3D4E}"
EndProject
Project("{FAE04EC0-301F-11D3-BF4B-00C04F79EFBC}") = "Mystira.App.Application.Tests", "tests\Mystira.App.Application.Tests\Mystira.App.Application.Tests.csproj", "{0BF9A2AD-A2A1-4BD6-BB72-36D6586998B9}"
EndProject
Project("{FAE04EC0-301F-11D3-BF4B-00C04F79EFBC}") = "Mystira.App.Infrastructure.Teams.Tests", "tests\Mystira.App.Infrastructure.Teams.Tests\Mystira.App.Infrastructure.Teams.Tests.csproj", "{28FEF7C5-A4BB-4B50-9D63-3A88B2C05FE1}"
EndProject
Project("{FAE04EC0-301F-11D3-BF4B-00C04F79EFBC}") = "Mystira.App.Infrastructure.WhatsApp.Tests", "tests\Mystira.App.Infrastructure.WhatsApp.Tests\Mystira.App.Infrastructure.WhatsApp.Tests.csproj", "{7A98A916-F38D-4526-BB32-3C82DAEB0121}"
EndProject
Project("{FAE04EC0-301F-11D3-BF4B-00C04F79EFBC}") = "Mystira.App.PWA.Tests", "tests\Mystira.App.PWA.Tests\Mystira.App.PWA.Tests.csproj", "{D39AC7B0-46D0-4ADE-981A-C92FB48A8B56}"
EndProject
Project("{FAE04EC0-301F-11D3-BF4B-00C04F79EFBC}") = "Mystira.App.Infrastructure.Payments", "src\Mystira.App.Infrastructure.Payments\Mystira.App.Infrastructure.Payments.csproj", "{6C4E8F5D-7A3B-4E9F-BE0A-1F2C3D4E5F6A}"
EndProject
Project("{FAE04EC0-301F-11D3-BF4B-00C04F79EFBC}") = "Mystira.App.Infrastructure.Chain", "src\Mystira.App.Infrastructure.Chain\Mystira.App.Infrastructure.Chain.csproj", "{D4E5F6A7-B8C9-4D0E-1F2A-3B4C5D6E7F8A}"
EndProject
Project("{FAE04EC0-301F-11D3-BF4B-00C04F79EFBC}") = "Mystira.App.Infrastructure.Data.Tests", "tests\Mystira.App.Infrastructure.Data.Tests\Mystira.App.Infrastructure.Data.Tests.csproj", "{A1B2C3D4-E5F6-4A7B-8C9D-0E1F2A3B4C5D}"
EndProject
Project("{FAE04EC0-301F-11D3-BF4B-00C04F79EFBC}") = "Mystira.App.Domain.Tests", "tests\Mystira.App.Domain.Tests\Mystira.App.Domain.Tests.csproj", "{B2C3D4E5-F6A7-4B8C-9D0E-1F2A3B4C5D6E}"
EndProject
Project("{FAE04EC0-301F-11D3-BF4B-00C04F79EFBC}") = "Mystira.App.Infrastructure.Payments.Tests", "tests\Mystira.App.Infrastructure.Payments.Tests\Mystira.App.Infrastructure.Payments.Tests.csproj", "{C3D4E5F6-A7B8-4C9D-0E1F-2A3B4C5D6E7F}"
EndProject
Global
	GlobalSection(SolutionConfigurationPlatforms) = preSolution
		Debug|Any CPU = Debug|Any CPU
		Debug|x64 = Debug|x64
		Debug|x86 = Debug|x86
		Release|Any CPU = Release|Any CPU
		Release|x64 = Release|x64
		Release|x86 = Release|x86
	EndGlobalSection
	GlobalSection(ProjectConfigurationPlatforms) = postSolution
		{2C5D697D-B826-402C-86E8-49DB0B35BFD3}.Debug|Any CPU.ActiveCfg = Debug|Any CPU
		{2C5D697D-B826-402C-86E8-49DB0B35BFD3}.Debug|Any CPU.Build.0 = Debug|Any CPU
		{2C5D697D-B826-402C-86E8-49DB0B35BFD3}.Debug|x64.ActiveCfg = Debug|Any CPU
		{2C5D697D-B826-402C-86E8-49DB0B35BFD3}.Debug|x64.Build.0 = Debug|Any CPU
		{2C5D697D-B826-402C-86E8-49DB0B35BFD3}.Debug|x86.ActiveCfg = Debug|Any CPU
		{2C5D697D-B826-402C-86E8-49DB0B35BFD3}.Debug|x86.Build.0 = Debug|Any CPU
		{2C5D697D-B826-402C-86E8-49DB0B35BFD3}.Release|Any CPU.ActiveCfg = Release|Any CPU
		{2C5D697D-B826-402C-86E8-49DB0B35BFD3}.Release|Any CPU.Build.0 = Release|Any CPU
		{2C5D697D-B826-402C-86E8-49DB0B35BFD3}.Release|x64.ActiveCfg = Release|Any CPU
		{2C5D697D-B826-402C-86E8-49DB0B35BFD3}.Release|x64.Build.0 = Release|Any CPU
		{2C5D697D-B826-402C-86E8-49DB0B35BFD3}.Release|x86.ActiveCfg = Release|Any CPU
		{2C5D697D-B826-402C-86E8-49DB0B35BFD3}.Release|x86.Build.0 = Release|Any CPU
		{1F971ECA-0287-49CA-BD08-2059D0C8121B}.Debug|Any CPU.ActiveCfg = Debug|Any CPU
		{1F971ECA-0287-49CA-BD08-2059D0C8121B}.Debug|Any CPU.Build.0 = Debug|Any CPU
		{1F971ECA-0287-49CA-BD08-2059D0C8121B}.Debug|x64.ActiveCfg = Debug|Any CPU
		{1F971ECA-0287-49CA-BD08-2059D0C8121B}.Debug|x64.Build.0 = Debug|Any CPU
		{1F971ECA-0287-49CA-BD08-2059D0C8121B}.Debug|x86.ActiveCfg = Debug|Any CPU
		{1F971ECA-0287-49CA-BD08-2059D0C8121B}.Debug|x86.Build.0 = Debug|Any CPU
		{1F971ECA-0287-49CA-BD08-2059D0C8121B}.Release|Any CPU.ActiveCfg = Release|Any CPU
		{1F971ECA-0287-49CA-BD08-2059D0C8121B}.Release|Any CPU.Build.0 = Release|Any CPU
		{1F971ECA-0287-49CA-BD08-2059D0C8121B}.Release|x64.ActiveCfg = Release|Any CPU
		{1F971ECA-0287-49CA-BD08-2059D0C8121B}.Release|x64.Build.0 = Release|Any CPU
		{1F971ECA-0287-49CA-BD08-2059D0C8121B}.Release|x86.ActiveCfg = Release|Any CPU
		{1F971ECA-0287-49CA-BD08-2059D0C8121B}.Release|x86.Build.0 = Release|Any CPU
		{C9E28354-D031-4F64-9C11-C4E23FC6852E}.Debug|Any CPU.ActiveCfg = Debug|Any CPU
		{C9E28354-D031-4F64-9C11-C4E23FC6852E}.Debug|Any CPU.Build.0 = Debug|Any CPU
		{C9E28354-D031-4F64-9C11-C4E23FC6852E}.Debug|x64.ActiveCfg = Debug|Any CPU
		{C9E28354-D031-4F64-9C11-C4E23FC6852E}.Debug|x64.Build.0 = Debug|Any CPU
		{C9E28354-D031-4F64-9C11-C4E23FC6852E}.Debug|x86.ActiveCfg = Debug|Any CPU
		{C9E28354-D031-4F64-9C11-C4E23FC6852E}.Debug|x86.Build.0 = Debug|Any CPU
		{C9E28354-D031-4F64-9C11-C4E23FC6852E}.Release|Any CPU.ActiveCfg = Release|Any CPU
		{C9E28354-D031-4F64-9C11-C4E23FC6852E}.Release|Any CPU.Build.0 = Release|Any CPU
		{C9E28354-D031-4F64-9C11-C4E23FC6852E}.Release|x64.ActiveCfg = Release|Any CPU
		{C9E28354-D031-4F64-9C11-C4E23FC6852E}.Release|x64.Build.0 = Release|Any CPU
		{C9E28354-D031-4F64-9C11-C4E23FC6852E}.Release|x86.ActiveCfg = Release|Any CPU
		{C9E28354-D031-4F64-9C11-C4E23FC6852E}.Release|x86.Build.0 = Release|Any CPU
		{998C75B4-2658-4C64-A7E3-9A6CCA82796A}.Debug|Any CPU.ActiveCfg = Debug|Any CPU
		{998C75B4-2658-4C64-A7E3-9A6CCA82796A}.Debug|Any CPU.Build.0 = Debug|Any CPU
		{998C75B4-2658-4C64-A7E3-9A6CCA82796A}.Debug|x64.ActiveCfg = Debug|Any CPU
		{998C75B4-2658-4C64-A7E3-9A6CCA82796A}.Debug|x64.Build.0 = Debug|Any CPU
		{998C75B4-2658-4C64-A7E3-9A6CCA82796A}.Debug|x86.ActiveCfg = Debug|Any CPU
		{998C75B4-2658-4C64-A7E3-9A6CCA82796A}.Debug|x86.Build.0 = Debug|Any CPU
		{998C75B4-2658-4C64-A7E3-9A6CCA82796A}.Release|Any CPU.ActiveCfg = Release|Any CPU
		{998C75B4-2658-4C64-A7E3-9A6CCA82796A}.Release|Any CPU.Build.0 = Release|Any CPU
		{998C75B4-2658-4C64-A7E3-9A6CCA82796A}.Release|x64.ActiveCfg = Release|Any CPU
		{998C75B4-2658-4C64-A7E3-9A6CCA82796A}.Release|x64.Build.0 = Release|Any CPU
		{998C75B4-2658-4C64-A7E3-9A6CCA82796A}.Release|x86.ActiveCfg = Release|Any CPU
		{998C75B4-2658-4C64-A7E3-9A6CCA82796A}.Release|x86.Build.0 = Release|Any CPU
		{9FC27625-C26C-4A1D-B726-2317862ADB48}.Debug|Any CPU.ActiveCfg = Debug|Any CPU
		{9FC27625-C26C-4A1D-B726-2317862ADB48}.Debug|Any CPU.Build.0 = Debug|Any CPU
		{9FC27625-C26C-4A1D-B726-2317862ADB48}.Debug|x64.ActiveCfg = Debug|Any CPU
		{9FC27625-C26C-4A1D-B726-2317862ADB48}.Debug|x64.Build.0 = Debug|Any CPU
		{9FC27625-C26C-4A1D-B726-2317862ADB48}.Debug|x86.ActiveCfg = Debug|Any CPU
		{9FC27625-C26C-4A1D-B726-2317862ADB48}.Debug|x86.Build.0 = Debug|Any CPU
		{9FC27625-C26C-4A1D-B726-2317862ADB48}.Release|Any CPU.ActiveCfg = Release|Any CPU
		{9FC27625-C26C-4A1D-B726-2317862ADB48}.Release|Any CPU.Build.0 = Release|Any CPU
		{9FC27625-C26C-4A1D-B726-2317862ADB48}.Release|x64.ActiveCfg = Release|Any CPU
		{9FC27625-C26C-4A1D-B726-2317862ADB48}.Release|x64.Build.0 = Release|Any CPU
		{9FC27625-C26C-4A1D-B726-2317862ADB48}.Release|x86.ActiveCfg = Release|Any CPU
		{9FC27625-C26C-4A1D-B726-2317862ADB48}.Release|x86.Build.0 = Release|Any CPU
		{85A464D1-825F-4F44-BBEB-5043E24E55F3}.Debug|Any CPU.ActiveCfg = Debug|Any CPU
		{85A464D1-825F-4F44-BBEB-5043E24E55F3}.Debug|Any CPU.Build.0 = Debug|Any CPU
		{85A464D1-825F-4F44-BBEB-5043E24E55F3}.Debug|x64.ActiveCfg = Debug|Any CPU
		{85A464D1-825F-4F44-BBEB-5043E24E55F3}.Debug|x64.Build.0 = Debug|Any CPU
		{85A464D1-825F-4F44-BBEB-5043E24E55F3}.Debug|x86.ActiveCfg = Debug|Any CPU
		{85A464D1-825F-4F44-BBEB-5043E24E55F3}.Debug|x86.Build.0 = Debug|Any CPU
		{85A464D1-825F-4F44-BBEB-5043E24E55F3}.Release|Any CPU.ActiveCfg = Release|Any CPU
		{85A464D1-825F-4F44-BBEB-5043E24E55F3}.Release|Any CPU.Build.0 = Release|Any CPU
		{85A464D1-825F-4F44-BBEB-5043E24E55F3}.Release|x64.ActiveCfg = Release|Any CPU
		{85A464D1-825F-4F44-BBEB-5043E24E55F3}.Release|x64.Build.0 = Release|Any CPU
		{85A464D1-825F-4F44-BBEB-5043E24E55F3}.Release|x86.ActiveCfg = Release|Any CPU
		{85A464D1-825F-4F44-BBEB-5043E24E55F3}.Release|x86.Build.0 = Release|Any CPU
		{B36B82E4-8D71-42F0-997F-8E4976655622}.Debug|Any CPU.ActiveCfg = Debug|Any CPU
		{B36B82E4-8D71-42F0-997F-8E4976655622}.Debug|Any CPU.Build.0 = Debug|Any CPU
		{B36B82E4-8D71-42F0-997F-8E4976655622}.Debug|x64.ActiveCfg = Debug|Any CPU
		{B36B82E4-8D71-42F0-997F-8E4976655622}.Debug|x64.Build.0 = Debug|Any CPU
		{B36B82E4-8D71-42F0-997F-8E4976655622}.Debug|x86.ActiveCfg = Debug|Any CPU
		{B36B82E4-8D71-42F0-997F-8E4976655622}.Debug|x86.Build.0 = Debug|Any CPU
		{B36B82E4-8D71-42F0-997F-8E4976655622}.Release|Any CPU.ActiveCfg = Release|Any CPU
		{B36B82E4-8D71-42F0-997F-8E4976655622}.Release|Any CPU.Build.0 = Release|Any CPU
		{B36B82E4-8D71-42F0-997F-8E4976655622}.Release|x64.ActiveCfg = Release|Any CPU
		{B36B82E4-8D71-42F0-997F-8E4976655622}.Release|x64.Build.0 = Release|Any CPU
		{B36B82E4-8D71-42F0-997F-8E4976655622}.Release|x86.ActiveCfg = Release|Any CPU
		{B36B82E4-8D71-42F0-997F-8E4976655622}.Release|x86.Build.0 = Release|Any CPU
		{87BE6F3D-3BD1-4BE5-ACB7-59257BA9F5D8}.Debug|Any CPU.ActiveCfg = Debug|Any CPU
		{87BE6F3D-3BD1-4BE5-ACB7-59257BA9F5D8}.Debug|Any CPU.Build.0 = Debug|Any CPU
		{87BE6F3D-3BD1-4BE5-ACB7-59257BA9F5D8}.Debug|x64.ActiveCfg = Debug|Any CPU
		{87BE6F3D-3BD1-4BE5-ACB7-59257BA9F5D8}.Debug|x64.Build.0 = Debug|Any CPU
		{87BE6F3D-3BD1-4BE5-ACB7-59257BA9F5D8}.Debug|x86.ActiveCfg = Debug|Any CPU
		{87BE6F3D-3BD1-4BE5-ACB7-59257BA9F5D8}.Debug|x86.Build.0 = Debug|Any CPU
		{87BE6F3D-3BD1-4BE5-ACB7-59257BA9F5D8}.Release|Any CPU.ActiveCfg = Release|Any CPU
		{87BE6F3D-3BD1-4BE5-ACB7-59257BA9F5D8}.Release|Any CPU.Build.0 = Release|Any CPU
		{87BE6F3D-3BD1-4BE5-ACB7-59257BA9F5D8}.Release|x64.ActiveCfg = Release|Any CPU
		{87BE6F3D-3BD1-4BE5-ACB7-59257BA9F5D8}.Release|x64.Build.0 = Release|Any CPU
		{87BE6F3D-3BD1-4BE5-ACB7-59257BA9F5D8}.Release|x86.ActiveCfg = Release|Any CPU
		{87BE6F3D-3BD1-4BE5-ACB7-59257BA9F5D8}.Release|x86.Build.0 = Release|Any CPU
		{8B73C65E-F2D4-40CE-88B5-8363EDA6364D}.Debug|Any CPU.ActiveCfg = Debug|Any CPU
		{8B73C65E-F2D4-40CE-88B5-8363EDA6364D}.Debug|Any CPU.Build.0 = Debug|Any CPU
		{8B73C65E-F2D4-40CE-88B5-8363EDA6364D}.Debug|x64.ActiveCfg = Debug|Any CPU
		{8B73C65E-F2D4-40CE-88B5-8363EDA6364D}.Debug|x64.Build.0 = Debug|Any CPU
		{8B73C65E-F2D4-40CE-88B5-8363EDA6364D}.Debug|x86.ActiveCfg = Debug|Any CPU
		{8B73C65E-F2D4-40CE-88B5-8363EDA6364D}.Debug|x86.Build.0 = Debug|Any CPU
		{8B73C65E-F2D4-40CE-88B5-8363EDA6364D}.Release|Any CPU.ActiveCfg = Release|Any CPU
		{8B73C65E-F2D4-40CE-88B5-8363EDA6364D}.Release|Any CPU.Build.0 = Release|Any CPU
		{8B73C65E-F2D4-40CE-88B5-8363EDA6364D}.Release|x64.ActiveCfg = Release|Any CPU
		{8B73C65E-F2D4-40CE-88B5-8363EDA6364D}.Release|x64.Build.0 = Release|Any CPU
		{8B73C65E-F2D4-40CE-88B5-8363EDA6364D}.Release|x86.ActiveCfg = Release|Any CPU
		{8B73C65E-F2D4-40CE-88B5-8363EDA6364D}.Release|x86.Build.0 = Release|Any CPU
		{4A8E3C1D-5B2F-4E6A-9C7D-8E9F0A1B2C3D}.Debug|Any CPU.ActiveCfg = Debug|Any CPU
		{4A8E3C1D-5B2F-4E6A-9C7D-8E9F0A1B2C3D}.Debug|Any CPU.Build.0 = Debug|Any CPU
		{4A8E3C1D-5B2F-4E6A-9C7D-8E9F0A1B2C3D}.Debug|x64.ActiveCfg = Debug|Any CPU
		{4A8E3C1D-5B2F-4E6A-9C7D-8E9F0A1B2C3D}.Debug|x64.Build.0 = Debug|Any CPU
		{4A8E3C1D-5B2F-4E6A-9C7D-8E9F0A1B2C3D}.Debug|x86.ActiveCfg = Debug|Any CPU
		{4A8E3C1D-5B2F-4E6A-9C7D-8E9F0A1B2C3D}.Debug|x86.Build.0 = Debug|Any CPU
		{4A8E3C1D-5B2F-4E6A-9C7D-8E9F0A1B2C3D}.Release|Any CPU.ActiveCfg = Release|Any CPU
		{4A8E3C1D-5B2F-4E6A-9C7D-8E9F0A1B2C3D}.Release|Any CPU.Build.0 = Release|Any CPU
		{4A8E3C1D-5B2F-4E6A-9C7D-8E9F0A1B2C3D}.Release|x64.ActiveCfg = Release|Any CPU
		{4A8E3C1D-5B2F-4E6A-9C7D-8E9F0A1B2C3D}.Release|x64.Build.0 = Release|Any CPU
		{4A8E3C1D-5B2F-4E6A-9C7D-8E9F0A1B2C3D}.Release|x86.ActiveCfg = Release|Any CPU
		{4A8E3C1D-5B2F-4E6A-9C7D-8E9F0A1B2C3D}.Release|x86.Build.0 = Release|Any CPU
		{5B9F4D2E-6C3A-4F7B-AD8E-9F0A1B2C3D4E}.Debug|Any CPU.ActiveCfg = Debug|Any CPU
		{5B9F4D2E-6C3A-4F7B-AD8E-9F0A1B2C3D4E}.Debug|Any CPU.Build.0 = Debug|Any CPU
		{5B9F4D2E-6C3A-4F7B-AD8E-9F0A1B2C3D4E}.Debug|x64.ActiveCfg = Debug|Any CPU
		{5B9F4D2E-6C3A-4F7B-AD8E-9F0A1B2C3D4E}.Debug|x64.Build.0 = Debug|Any CPU
		{5B9F4D2E-6C3A-4F7B-AD8E-9F0A1B2C3D4E}.Debug|x86.ActiveCfg = Debug|Any CPU
		{5B9F4D2E-6C3A-4F7B-AD8E-9F0A1B2C3D4E}.Debug|x86.Build.0 = Debug|Any CPU
		{5B9F4D2E-6C3A-4F7B-AD8E-9F0A1B2C3D4E}.Release|Any CPU.ActiveCfg = Release|Any CPU
		{5B9F4D2E-6C3A-4F7B-AD8E-9F0A1B2C3D4E}.Release|Any CPU.Build.0 = Release|Any CPU
		{5B9F4D2E-6C3A-4F7B-AD8E-9F0A1B2C3D4E}.Release|x64.ActiveCfg = Release|Any CPU
		{5B9F4D2E-6C3A-4F7B-AD8E-9F0A1B2C3D4E}.Release|x64.Build.0 = Release|Any CPU
		{5B9F4D2E-6C3A-4F7B-AD8E-9F0A1B2C3D4E}.Release|x86.ActiveCfg = Release|Any CPU
		{5B9F4D2E-6C3A-4F7B-AD8E-9F0A1B2C3D4E}.Release|x86.Build.0 = Release|Any CPU
		{0BF9A2AD-A2A1-4BD6-BB72-36D6586998B9}.Debug|Any CPU.ActiveCfg = Debug|Any CPU
		{0BF9A2AD-A2A1-4BD6-BB72-36D6586998B9}.Debug|Any CPU.Build.0 = Debug|Any CPU
		{0BF9A2AD-A2A1-4BD6-BB72-36D6586998B9}.Debug|x64.ActiveCfg = Debug|Any CPU
		{0BF9A2AD-A2A1-4BD6-BB72-36D6586998B9}.Debug|x64.Build.0 = Debug|Any CPU
		{0BF9A2AD-A2A1-4BD6-BB72-36D6586998B9}.Debug|x86.ActiveCfg = Debug|Any CPU
		{0BF9A2AD-A2A1-4BD6-BB72-36D6586998B9}.Debug|x86.Build.0 = Debug|Any CPU
		{0BF9A2AD-A2A1-4BD6-BB72-36D6586998B9}.Release|Any CPU.ActiveCfg = Release|Any CPU
		{0BF9A2AD-A2A1-4BD6-BB72-36D6586998B9}.Release|Any CPU.Build.0 = Release|Any CPU
		{0BF9A2AD-A2A1-4BD6-BB72-36D6586998B9}.Release|x64.ActiveCfg = Release|Any CPU
		{0BF9A2AD-A2A1-4BD6-BB72-36D6586998B9}.Release|x64.Build.0 = Release|Any CPU
		{0BF9A2AD-A2A1-4BD6-BB72-36D6586998B9}.Release|x86.ActiveCfg = Release|Any CPU
		{0BF9A2AD-A2A1-4BD6-BB72-36D6586998B9}.Release|x86.Build.0 = Release|Any CPU
		{28FEF7C5-A4BB-4B50-9D63-3A88B2C05FE1}.Debug|Any CPU.ActiveCfg = Debug|Any CPU
		{28FEF7C5-A4BB-4B50-9D63-3A88B2C05FE1}.Debug|Any CPU.Build.0 = Debug|Any CPU
		{28FEF7C5-A4BB-4B50-9D63-3A88B2C05FE1}.Debug|x64.ActiveCfg = Debug|Any CPU
		{28FEF7C5-A4BB-4B50-9D63-3A88B2C05FE1}.Debug|x64.Build.0 = Debug|Any CPU
		{28FEF7C5-A4BB-4B50-9D63-3A88B2C05FE1}.Debug|x86.ActiveCfg = Debug|Any CPU
		{28FEF7C5-A4BB-4B50-9D63-3A88B2C05FE1}.Debug|x86.Build.0 = Debug|Any CPU
		{28FEF7C5-A4BB-4B50-9D63-3A88B2C05FE1}.Release|Any CPU.ActiveCfg = Release|Any CPU
		{28FEF7C5-A4BB-4B50-9D63-3A88B2C05FE1}.Release|Any CPU.Build.0 = Release|Any CPU
		{28FEF7C5-A4BB-4B50-9D63-3A88B2C05FE1}.Release|x64.ActiveCfg = Release|Any CPU
		{28FEF7C5-A4BB-4B50-9D63-3A88B2C05FE1}.Release|x64.Build.0 = Release|Any CPU
		{28FEF7C5-A4BB-4B50-9D63-3A88B2C05FE1}.Release|x86.ActiveCfg = Release|Any CPU
		{28FEF7C5-A4BB-4B50-9D63-3A88B2C05FE1}.Release|x86.Build.0 = Release|Any CPU
		{7A98A916-F38D-4526-BB32-3C82DAEB0121}.Debug|Any CPU.ActiveCfg = Debug|Any CPU
		{7A98A916-F38D-4526-BB32-3C82DAEB0121}.Debug|Any CPU.Build.0 = Debug|Any CPU
		{7A98A916-F38D-4526-BB32-3C82DAEB0121}.Debug|x64.ActiveCfg = Debug|Any CPU
		{7A98A916-F38D-4526-BB32-3C82DAEB0121}.Debug|x64.Build.0 = Debug|Any CPU
		{7A98A916-F38D-4526-BB32-3C82DAEB0121}.Debug|x86.ActiveCfg = Debug|Any CPU
		{7A98A916-F38D-4526-BB32-3C82DAEB0121}.Debug|x86.Build.0 = Debug|Any CPU
		{7A98A916-F38D-4526-BB32-3C82DAEB0121}.Release|Any CPU.ActiveCfg = Release|Any CPU
		{7A98A916-F38D-4526-BB32-3C82DAEB0121}.Release|Any CPU.Build.0 = Release|Any CPU
		{7A98A916-F38D-4526-BB32-3C82DAEB0121}.Release|x64.ActiveCfg = Release|Any CPU
		{7A98A916-F38D-4526-BB32-3C82DAEB0121}.Release|x64.Build.0 = Release|Any CPU
		{7A98A916-F38D-4526-BB32-3C82DAEB0121}.Release|x86.ActiveCfg = Release|Any CPU
		{7A98A916-F38D-4526-BB32-3C82DAEB0121}.Release|x86.Build.0 = Release|Any CPU
		{D39AC7B0-46D0-4ADE-981A-C92FB48A8B56}.Debug|Any CPU.ActiveCfg = Debug|Any CPU
		{D39AC7B0-46D0-4ADE-981A-C92FB48A8B56}.Debug|Any CPU.Build.0 = Debug|Any CPU
		{D39AC7B0-46D0-4ADE-981A-C92FB48A8B56}.Debug|x64.ActiveCfg = Debug|Any CPU
		{D39AC7B0-46D0-4ADE-981A-C92FB48A8B56}.Debug|x64.Build.0 = Debug|Any CPU
		{D39AC7B0-46D0-4ADE-981A-C92FB48A8B56}.Debug|x86.ActiveCfg = Debug|Any CPU
		{D39AC7B0-46D0-4ADE-981A-C92FB48A8B56}.Debug|x86.Build.0 = Debug|Any CPU
		{D39AC7B0-46D0-4ADE-981A-C92FB48A8B56}.Release|Any CPU.ActiveCfg = Release|Any CPU
		{D39AC7B0-46D0-4ADE-981A-C92FB48A8B56}.Release|Any CPU.Build.0 = Release|Any CPU
		{D39AC7B0-46D0-4ADE-981A-C92FB48A8B56}.Release|x64.ActiveCfg = Release|Any CPU
		{D39AC7B0-46D0-4ADE-981A-C92FB48A8B56}.Release|x64.Build.0 = Release|Any CPU
		{D39AC7B0-46D0-4ADE-981A-C92FB48A8B56}.Release|x86.ActiveCfg = Release|Any CPU
		{D39AC7B0-46D0-4ADE-981A-C92FB48A8B56}.Release|x86.Build.0 = Release|Any CPU
		{6C4E8F5D-7A3B-4E9F-BE0A-1F2C3D4E5F6A}.Debug|Any CPU.ActiveCfg = Debug|Any CPU
		{6C4E8F5D-7A3B-4E9F-BE0A-1F2C3D4E5F6A}.Debug|Any CPU.Build.0 = Debug|Any CPU
		{6C4E8F5D-7A3B-4E9F-BE0A-1F2C3D4E5F6A}.Debug|x64.ActiveCfg = Debug|Any CPU
		{6C4E8F5D-7A3B-4E9F-BE0A-1F2C3D4E5F6A}.Debug|x64.Build.0 = Debug|Any CPU
		{6C4E8F5D-7A3B-4E9F-BE0A-1F2C3D4E5F6A}.Debug|x86.ActiveCfg = Debug|Any CPU
		{6C4E8F5D-7A3B-4E9F-BE0A-1F2C3D4E5F6A}.Debug|x86.Build.0 = Debug|Any CPU
		{6C4E8F5D-7A3B-4E9F-BE0A-1F2C3D4E5F6A}.Release|Any CPU.ActiveCfg = Release|Any CPU
		{6C4E8F5D-7A3B-4E9F-BE0A-1F2C3D4E5F6A}.Release|Any CPU.Build.0 = Release|Any CPU
		{6C4E8F5D-7A3B-4E9F-BE0A-1F2C3D4E5F6A}.Release|x64.ActiveCfg = Release|Any CPU
		{6C4E8F5D-7A3B-4E9F-BE0A-1F2C3D4E5F6A}.Release|x64.Build.0 = Release|Any CPU
		{6C4E8F5D-7A3B-4E9F-BE0A-1F2C3D4E5F6A}.Release|x86.ActiveCfg = Release|Any CPU
		{6C4E8F5D-7A3B-4E9F-BE0A-1F2C3D4E5F6A}.Release|x86.Build.0 = Release|Any CPU
		{A1B2C3D4-E5F6-4A7B-8C9D-0E1F2A3B4C5D}.Debug|Any CPU.ActiveCfg = Debug|Any CPU
		{A1B2C3D4-E5F6-4A7B-8C9D-0E1F2A3B4C5D}.Debug|Any CPU.Build.0 = Debug|Any CPU
		{A1B2C3D4-E5F6-4A7B-8C9D-0E1F2A3B4C5D}.Debug|x64.ActiveCfg = Debug|Any CPU
		{A1B2C3D4-E5F6-4A7B-8C9D-0E1F2A3B4C5D}.Debug|x64.Build.0 = Debug|Any CPU
		{A1B2C3D4-E5F6-4A7B-8C9D-0E1F2A3B4C5D}.Debug|x86.ActiveCfg = Debug|Any CPU
		{A1B2C3D4-E5F6-4A7B-8C9D-0E1F2A3B4C5D}.Debug|x86.Build.0 = Debug|Any CPU
		{A1B2C3D4-E5F6-4A7B-8C9D-0E1F2A3B4C5D}.Release|Any CPU.ActiveCfg = Release|Any CPU
		{A1B2C3D4-E5F6-4A7B-8C9D-0E1F2A3B4C5D}.Release|Any CPU.Build.0 = Release|Any CPU
		{A1B2C3D4-E5F6-4A7B-8C9D-0E1F2A3B4C5D}.Release|x64.ActiveCfg = Release|Any CPU
		{A1B2C3D4-E5F6-4A7B-8C9D-0E1F2A3B4C5D}.Release|x64.Build.0 = Release|Any CPU
		{A1B2C3D4-E5F6-4A7B-8C9D-0E1F2A3B4C5D}.Release|x86.ActiveCfg = Release|Any CPU
		{A1B2C3D4-E5F6-4A7B-8C9D-0E1F2A3B4C5D}.Release|x86.Build.0 = Release|Any CPU
		{B2C3D4E5-F6A7-4B8C-9D0E-1F2A3B4C5D6E}.Debug|Any CPU.ActiveCfg = Debug|Any CPU
		{B2C3D4E5-F6A7-4B8C-9D0E-1F2A3B4C5D6E}.Debug|Any CPU.Build.0 = Debug|Any CPU
		{B2C3D4E5-F6A7-4B8C-9D0E-1F2A3B4C5D6E}.Debug|x64.ActiveCfg = Debug|Any CPU
		{B2C3D4E5-F6A7-4B8C-9D0E-1F2A3B4C5D6E}.Debug|x64.Build.0 = Debug|Any CPU
		{B2C3D4E5-F6A7-4B8C-9D0E-1F2A3B4C5D6E}.Debug|x86.ActiveCfg = Debug|Any CPU
		{B2C3D4E5-F6A7-4B8C-9D0E-1F2A3B4C5D6E}.Debug|x86.Build.0 = Debug|Any CPU
		{B2C3D4E5-F6A7-4B8C-9D0E-1F2A3B4C5D6E}.Release|Any CPU.ActiveCfg = Release|Any CPU
		{B2C3D4E5-F6A7-4B8C-9D0E-1F2A3B4C5D6E}.Release|Any CPU.Build.0 = Release|Any CPU
		{B2C3D4E5-F6A7-4B8C-9D0E-1F2A3B4C5D6E}.Release|x64.ActiveCfg = Release|Any CPU
		{B2C3D4E5-F6A7-4B8C-9D0E-1F2A3B4C5D6E}.Release|x64.Build.0 = Release|Any CPU
		{B2C3D4E5-F6A7-4B8C-9D0E-1F2A3B4C5D6E}.Release|x86.ActiveCfg = Release|Any CPU
		{B2C3D4E5-F6A7-4B8C-9D0E-1F2A3B4C5D6E}.Release|x86.Build.0 = Release|Any CPU
		{C3D4E5F6-A7B8-4C9D-0E1F-2A3B4C5D6E7F}.Debug|Any CPU.ActiveCfg = Debug|Any CPU
		{C3D4E5F6-A7B8-4C9D-0E1F-2A3B4C5D6E7F}.Debug|Any CPU.Build.0 = Debug|Any CPU
		{C3D4E5F6-A7B8-4C9D-0E1F-2A3B4C5D6E7F}.Debug|x64.ActiveCfg = Debug|Any CPU
		{C3D4E5F6-A7B8-4C9D-0E1F-2A3B4C5D6E7F}.Debug|x64.Build.0 = Debug|Any CPU
		{C3D4E5F6-A7B8-4C9D-0E1F-2A3B4C5D6E7F}.Debug|x86.ActiveCfg = Debug|Any CPU
		{C3D4E5F6-A7B8-4C9D-0E1F-2A3B4C5D6E7F}.Debug|x86.Build.0 = Debug|Any CPU
		{C3D4E5F6-A7B8-4C9D-0E1F-2A3B4C5D6E7F}.Release|Any CPU.ActiveCfg = Release|Any CPU
		{C3D4E5F6-A7B8-4C9D-0E1F-2A3B4C5D6E7F}.Release|Any CPU.Build.0 = Release|Any CPU
		{C3D4E5F6-A7B8-4C9D-0E1F-2A3B4C5D6E7F}.Release|x64.ActiveCfg = Release|Any CPU
		{C3D4E5F6-A7B8-4C9D-0E1F-2A3B4C5D6E7F}.Release|x64.Build.0 = Release|Any CPU
		{C3D4E5F6-A7B8-4C9D-0E1F-2A3B4C5D6E7F}.Release|x86.ActiveCfg = Release|Any CPU
		{C3D4E5F6-A7B8-4C9D-0E1F-2A3B4C5D6E7F}.Release|x86.Build.0 = Release|Any CPU
		{D4E5F6A7-B8C9-4D0E-1F2A-3B4C5D6E7F8A}.Debug|Any CPU.ActiveCfg = Debug|Any CPU
		{D4E5F6A7-B8C9-4D0E-1F2A-3B4C5D6E7F8A}.Debug|Any CPU.Build.0 = Debug|Any CPU
		{D4E5F6A7-B8C9-4D0E-1F2A-3B4C5D6E7F8A}.Debug|x64.ActiveCfg = Debug|Any CPU
		{D4E5F6A7-B8C9-4D0E-1F2A-3B4C5D6E7F8A}.Debug|x64.Build.0 = Debug|Any CPU
		{D4E5F6A7-B8C9-4D0E-1F2A-3B4C5D6E7F8A}.Debug|x86.ActiveCfg = Debug|Any CPU
		{D4E5F6A7-B8C9-4D0E-1F2A-3B4C5D6E7F8A}.Debug|x86.Build.0 = Debug|Any CPU
		{D4E5F6A7-B8C9-4D0E-1F2A-3B4C5D6E7F8A}.Release|Any CPU.ActiveCfg = Release|Any CPU
		{D4E5F6A7-B8C9-4D0E-1F2A-3B4C5D6E7F8A}.Release|Any CPU.Build.0 = Release|Any CPU
		{D4E5F6A7-B8C9-4D0E-1F2A-3B4C5D6E7F8A}.Release|x64.ActiveCfg = Release|Any CPU
		{D4E5F6A7-B8C9-4D0E-1F2A-3B4C5D6E7F8A}.Release|x64.Build.0 = Release|Any CPU
		{D4E5F6A7-B8C9-4D0E-1F2A-3B4C5D6E7F8A}.Release|x86.ActiveCfg = Release|Any CPU
		{D4E5F6A7-B8C9-4D0E-1F2A-3B4C5D6E7F8A}.Release|x86.Build.0 = Release|Any CPU
	EndGlobalSection
	GlobalSection(SolutionProperties) = preSolution
		HideSolutionNode = FALSE
	EndGlobalSection
	GlobalSection(NestedProjects) = preSolution
		{2C5D697D-B826-402C-86E8-49DB0B35BFD3} = {636A8ADA-1901-4A23-88BB-A86586F1F765}
		{1F971ECA-0287-49CA-BD08-2059D0C8121B} = {636A8ADA-1901-4A23-88BB-A86586F1F765}
		{C9E28354-D031-4F64-9C11-C4E23FC6852E} = {636A8ADA-1901-4A23-88BB-A86586F1F765}
		{998C75B4-2658-4C64-A7E3-9A6CCA82796A} = {636A8ADA-1901-4A23-88BB-A86586F1F765}
		{9FC27625-C26C-4A1D-B726-2317862ADB48} = {07610817-4AC8-456C-AAE7-764888044CCD}
		{85A464D1-825F-4F44-BBEB-5043E24E55F3} = {636A8ADA-1901-4A23-88BB-A86586F1F765}
		{B36B82E4-8D71-42F0-997F-8E4976655622} = {636A8ADA-1901-4A23-88BB-A86586F1F765}
		{87BE6F3D-3BD1-4BE5-ACB7-59257BA9F5D8} = {636A8ADA-1901-4A23-88BB-A86586F1F765}
		{8B73C65E-F2D4-40CE-88B5-8363EDA6364D} = {07610817-4AC8-456C-AAE7-764888044CCD}
		{4A8E3C1D-5B2F-4E6A-9C7D-8E9F0A1B2C3D} = {636A8ADA-1901-4A23-88BB-A86586F1F765}
		{5B9F4D2E-6C3A-4F7B-AD8E-9F0A1B2C3D4E} = {636A8ADA-1901-4A23-88BB-A86586F1F765}
		{0BF9A2AD-A2A1-4BD6-BB72-36D6586998B9} = {07610817-4AC8-456C-AAE7-764888044CCD}
		{28FEF7C5-A4BB-4B50-9D63-3A88B2C05FE1} = {07610817-4AC8-456C-AAE7-764888044CCD}
		{7A98A916-F38D-4526-BB32-3C82DAEB0121} = {07610817-4AC8-456C-AAE7-764888044CCD}
		{D39AC7B0-46D0-4ADE-981A-C92FB48A8B56} = {07610817-4AC8-456C-AAE7-764888044CCD}
		{6C4E8F5D-7A3B-4E9F-BE0A-1F2C3D4E5F6A} = {636A8ADA-1901-4A23-88BB-A86586F1F765}
		{A1B2C3D4-E5F6-4A7B-8C9D-0E1F2A3B4C5D} = {07610817-4AC8-456C-AAE7-764888044CCD}
		{B2C3D4E5-F6A7-4B8C-9D0E-1F2A3B4C5D6E} = {07610817-4AC8-456C-AAE7-764888044CCD}
		{C3D4E5F6-A7B8-4C9D-0E1F-2A3B4C5D6E7F} = {07610817-4AC8-456C-AAE7-764888044CCD}
		{D4E5F6A7-B8C9-4D0E-1F2A-3B4C5D6E7F8A} = {636A8ADA-1901-4A23-88BB-A86586F1F765}
	EndGlobalSection
EndGlobal
